// !$*UTF8*$!
{
	archiveVersion = 1;
	classes = {
	};
	objectVersion = 50;
	objects = {

/* Begin PBXBuildFile section */
		F5BBACC52404118D00CBD320 /* AppDelegate.swift in Sources */ = {isa = PBXBuildFile; fileRef = F5BBACC42404118D00CBD320 /* AppDelegate.swift */; };
		F5BBACCE2404118F00CBD320 /* Assets.xcassets in Resources */ = {isa = PBXBuildFile; fileRef = F5BBACCD2404118F00CBD320 /* Assets.xcassets */; };
		F5BBACD12404118F00CBD320 /* LaunchScreen.storyboard in Resources */ = {isa = PBXBuildFile; fileRef = F5BBACCF2404118F00CBD320 /* LaunchScreen.storyboard */; };
		F5BBACDA240417C800CBD320 /* StartViewController.swift in Sources */ = {isa = PBXBuildFile; fileRef = F5BBACD8240417C800CBD320 /* StartViewController.swift */; };
		F5BBACDB240417C800CBD320 /* StartViewController.xib in Resources */ = {isa = PBXBuildFile; fileRef = F5BBACD9240417C800CBD320 /* StartViewController.xib */; };
		F5BBACDE24041D1700CBD320 /* HelloViewController.swift in Sources */ = {isa = PBXBuildFile; fileRef = F5BBACDC24041D1700CBD320 /* HelloViewController.swift */; };
		F5BBACDF24041D1700CBD320 /* HelloViewController.xib in Resources */ = {isa = PBXBuildFile; fileRef = F5BBACDD24041D1700CBD320 /* HelloViewController.xib */; };
		F5BBACE224041D2500CBD320 /* EditViewController.swift in Sources */ = {isa = PBXBuildFile; fileRef = F5BBACE024041D2500CBD320 /* EditViewController.swift */; };
		F5BBACE324041D2500CBD320 /* EditViewController.xib in Resources */ = {isa = PBXBuildFile; fileRef = F5BBACE124041D2500CBD320 /* EditViewController.xib */; };
		F5BBACE7240503BC00CBD320 /* Users.swift in Sources */ = {isa = PBXBuildFile; fileRef = F5BBACE6240503BC00CBD320 /* Users.swift */; };
		F5BBACE924053F1E00CBD320 /* UsersProtocol.swift in Sources */ = {isa = PBXBuildFile; fileRef = F5BBACE824053F1E00CBD320 /* UsersProtocol.swift */; };
		F5BBACF124066A7700CBD320 /* UserEditProtocol.swift in Sources */ = {isa = PBXBuildFile; fileRef = F5BBACF024066A7700CBD320 /* UserEditProtocol.swift */; };
/* End PBXBuildFile section */

/* Begin PBXFileReference section */
		F5BBACC12404118D00CBD320 /* Greetings.app */ = {isa = PBXFileReference; explicitFileType = wrapper.application; includeInIndex = 0; path = Greetings.app; sourceTree = BUILT_PRODUCTS_DIR; };
		F5BBACC42404118D00CBD320 /* AppDelegate.swift */ = {isa = PBXFileReference; lastKnownFileType = sourcecode.swift; path = AppDelegate.swift; sourceTree = "<group>"; };
		F5BBACCD2404118F00CBD320 /* Assets.xcassets */ = {isa = PBXFileReference; lastKnownFileType = folder.assetcatalog; path = Assets.xcassets; sourceTree = "<group>"; };
		F5BBACD02404118F00CBD320 /* Base */ = {isa = PBXFileReference; lastKnownFileType = file.storyboard; name = Base; path = Base.lproj/LaunchScreen.storyboard; sourceTree = "<group>"; };
		F5BBACD22404118F00CBD320 /* Info.plist */ = {isa = PBXFileReference; lastKnownFileType = text.plist.xml; path = Info.plist; sourceTree = "<group>"; };
		F5BBACD8240417C800CBD320 /* StartViewController.swift */ = {isa = PBXFileReference; lastKnownFileType = sourcecode.swift; path = StartViewController.swift; sourceTree = "<group>"; };
		F5BBACD9240417C800CBD320 /* StartViewController.xib */ = {isa = PBXFileReference; lastKnownFileType = file.xib; path = StartViewController.xib; sourceTree = "<group>"; };
		F5BBACDC24041D1700CBD320 /* HelloViewController.swift */ = {isa = PBXFileReference; lastKnownFileType = sourcecode.swift; path = HelloViewController.swift; sourceTree = "<group>"; };
		F5BBACDD24041D1700CBD320 /* HelloViewController.xib */ = {isa = PBXFileReference; lastKnownFileType = file.xib; path = HelloViewController.xib; sourceTree = "<group>"; };
		F5BBACE024041D2500CBD320 /* EditViewController.swift */ = {isa = PBXFileReference; lastKnownFileType = sourcecode.swift; path = EditViewController.swift; sourceTree = "<group>"; };
		F5BBACE124041D2500CBD320 /* EditViewController.xib */ = {isa = PBXFileReference; lastKnownFileType = file.xib; path = EditViewController.xib; sourceTree = "<group>"; };
		F5BBACE6240503BC00CBD320 /* Users.swift */ = {isa = PBXFileReference; lastKnownFileType = sourcecode.swift; path = Users.swift; sourceTree = "<group>"; };
		F5BBACE824053F1E00CBD320 /* UsersProtocol.swift */ = {isa = PBXFileReference; lastKnownFileType = sourcecode.swift; path = UsersProtocol.swift; sourceTree = "<group>"; };
		F5BBACF024066A7700CBD320 /* UserEditProtocol.swift */ = {isa = PBXFileReference; lastKnownFileType = sourcecode.swift; path = UserEditProtocol.swift; sourceTree = "<group>"; };
/* End PBXFileReference section */

/* Begin PBXFrameworksBuildPhase section */
		F5BBACBE2404118D00CBD320 /* Frameworks */ = {
			isa = PBXFrameworksBuildPhase;
			buildActionMask = 2147483647;
			files = (
			);
			runOnlyForDeploymentPostprocessing = 0;
		};
/* End PBXFrameworksBuildPhase section */

/* Begin PBXGroup section */
		F5BBACB82404118D00CBD320 = {
			isa = PBXGroup;
			children = (
				F5BBACC32404118D00CBD320 /* Greetings */,
				F5BBACC22404118D00CBD320 /* Products */,
			);
			sourceTree = "<group>";
		};
		F5BBACC22404118D00CBD320 /* Products */ = {
			isa = PBXGroup;
			children = (
				F5BBACC12404118D00CBD320 /* Greetings.app */,
			);
			name = Products;
			sourceTree = "<group>";
		};
		F5BBACC32404118D00CBD320 /* Greetings */ = {
			isa = PBXGroup;
			children = (
				F5BBACED24065A2700CBD320 /* Delegate */,
				F5BBACEC24065A1300CBD320 /* Controller */,
				F5BBACEB240659FE00CBD320 /* View */,
				F5BBACEA240659E100CBD320 /* Model */,
				F5BBACC42404118D00CBD320 /* AppDelegate.swift */,
				F5BBACCD2404118F00CBD320 /* Assets.xcassets */,
				F5BBACCF2404118F00CBD320 /* LaunchScreen.storyboard */,
				F5BBACD22404118F00CBD320 /* Info.plist */,
			);
			path = Greetings;
			sourceTree = "<group>";
		};
		F5BBACEA240659E100CBD320 /* Model */ = {
			isa = PBXGroup;
			children = (
				F5BBACE6240503BC00CBD320 /* Users.swift */,
			);
			path = Model;
			sourceTree = "<group>";
		};
		F5BBACEB240659FE00CBD320 /* View */ = {
			isa = PBXGroup;
			children = (
				F5BBACD9240417C800CBD320 /* StartViewController.xib */,
				F5BBACDD24041D1700CBD320 /* HelloViewController.xib */,
				F5BBACE124041D2500CBD320 /* EditViewController.xib */,
			);
			path = View;
			sourceTree = "<group>";
		};
		F5BBACEC24065A1300CBD320 /* Controller */ = {
			isa = PBXGroup;
			children = (
				F5BBACD8240417C800CBD320 /* StartViewController.swift */,
				F5BBACDC24041D1700CBD320 /* HelloViewController.swift */,
				F5BBACE024041D2500CBD320 /* EditViewController.swift */,
			);
			path = Controller;
			sourceTree = "<group>";
		};
		F5BBACED24065A2700CBD320 /* Delegate */ = {
			isa = PBXGroup;
			children = (
				F5BBACE824053F1E00CBD320 /* UsersProtocol.swift */,
				F5BBACF024066A7700CBD320 /* UserEditProtocol.swift */,
			);
			path = Delegate;
			sourceTree = "<group>";
		};
/* End PBXGroup section */

/* Begin PBXNativeTarget section */
		F5BBACC02404118D00CBD320 /* Greetings */ = {
			isa = PBXNativeTarget;
			buildConfigurationList = F5BBACD52404118F00CBD320 /* Build configuration list for PBXNativeTarget "Greetings" */;
			buildPhases = (
				F5BBACBD2404118D00CBD320 /* Sources */,
				F5BBACBE2404118D00CBD320 /* Frameworks */,
				F5BBACBF2404118D00CBD320 /* Resources */,
			);
			buildRules = (
			);
			dependencies = (
			);
			name = Greetings;
			productName = Greetings;
			productReference = F5BBACC12404118D00CBD320 /* Greetings.app */;
			productType = "com.apple.product-type.application";
		};
/* End PBXNativeTarget section */

/* Begin PBXProject section */
		F5BBACB92404118D00CBD320 /* Project object */ = {
			isa = PBXProject;
			attributes = {
				LastSwiftUpdateCheck = 1130;
				LastUpgradeCheck = 1130;
				ORGANIZATIONNAME = ios_school;
				TargetAttributes = {
					F5BBACC02404118D00CBD320 = {
						CreatedOnToolsVersion = 11.3.1;
					};
				};
			};
			buildConfigurationList = F5BBACBC2404118D00CBD320 /* Build configuration list for PBXProject "Greetings" */;
			compatibilityVersion = "Xcode 9.3";
			developmentRegion = en;
			hasScannedForEncodings = 0;
			knownRegions = (
				en,
				Base,
			);
			mainGroup = F5BBACB82404118D00CBD320;
			productRefGroup = F5BBACC22404118D00CBD320 /* Products */;
			projectDirPath = "";
			projectRoot = "";
			targets = (
				F5BBACC02404118D00CBD320 /* Greetings */,
			);
		};
/* End PBXProject section */

/* Begin PBXResourcesBuildPhase section */
		F5BBACBF2404118D00CBD320 /* Resources */ = {
			isa = PBXResourcesBuildPhase;
			buildActionMask = 2147483647;
			files = (
				F5BBACD12404118F00CBD320 /* LaunchScreen.storyboard in Resources */,
				F5BBACCE2404118F00CBD320 /* Assets.xcassets in Resources */,
				F5BBACE324041D2500CBD320 /* EditViewController.xib in Resources */,
				F5BBACDB240417C800CBD320 /* StartViewController.xib in Resources */,
				F5BBACDF24041D1700CBD320 /* HelloViewController.xib in Resources */,
			);
			runOnlyForDeploymentPostprocessing = 0;
		};
/* End PBXResourcesBuildPhase section */

/* Begin PBXSourcesBuildPhase section */
		F5BBACBD2404118D00CBD320 /* Sources */ = {
			isa = PBXSourcesBuildPhase;
			buildActionMask = 2147483647;
			files = (
				F5BBACE224041D2500CBD320 /* EditViewController.swift in Sources */,
				F5BBACDE24041D1700CBD320 /* HelloViewController.swift in Sources */,
				F5BBACF124066A7700CBD320 /* UserEditProtocol.swift in Sources */,
				F5BBACE7240503BC00CBD320 /* Users.swift in Sources */,
				F5BBACC52404118D00CBD320 /* AppDelegate.swift in Sources */,
				F5BBACE924053F1E00CBD320 /* UsersProtocol.swift in Sources */,
				F5BBACDA240417C800CBD320 /* StartViewController.swift in Sources */,
			);
			runOnlyForDeploymentPostprocessing = 0;
		};
/* End PBXSourcesBuildPhase section */

/* Begin PBXVariantGroup section */
		F5BBACCF2404118F00CBD320 /* LaunchScreen.storyboard */ = {
			isa = PBXVariantGroup;
			children = (
				F5BBACD02404118F00CBD320 /* Base */,
			);
			name = LaunchScreen.storyboard;
			sourceTree = "<group>";
		};
/* End PBXVariantGroup section */

/* Begin XCBuildConfiguration section */
		F5BBACD32404118F00CBD320 /* Debug */ = {
			isa = XCBuildConfiguration;
			buildSettings = {
				ALWAYS_SEARCH_USER_PATHS = NO;
				CLANG_ANALYZER_NONNULL = YES;
				CLANG_ANALYZER_NUMBER_OBJECT_CONVERSION = YES_AGGRESSIVE;
				CLANG_CXX_LANGUAGE_STANDARD = "gnu++14";
				CLANG_CXX_LIBRARY = "libc++";
				CLANG_ENABLE_MODULES = YES;
				CLANG_ENABLE_OBJC_ARC = YES;
				CLANG_ENABLE_OBJC_WEAK = YES;
				CLANG_WARN_BLOCK_CAPTURE_AUTORELEASING = YES;
				CLANG_WARN_BOOL_CONVERSION = YES;
				CLANG_WARN_COMMA = YES;
				CLANG_WARN_CONSTANT_CONVERSION = YES;
				CLANG_WARN_DEPRECATED_OBJC_IMPLEMENTATIONS = YES;
				CLANG_WARN_DIRECT_OBJC_ISA_USAGE = YES_ERROR;
				CLANG_WARN_DOCUMENTATION_COMMENTS = YES;
				CLANG_WARN_EMPTY_BODY = YES;
				CLANG_WARN_ENUM_CONVERSION = YES;
				CLANG_WARN_INFINITE_RECURSION = YES;
				CLANG_WARN_INT_CONVERSION = YES;
				CLANG_WARN_NON_LITERAL_NULL_CONVERSION = YES;
				CLANG_WARN_OBJC_IMPLICIT_RETAIN_SELF = YES;
				CLANG_WARN_OBJC_LITERAL_CONVERSION = YES;
				CLANG_WARN_OBJC_ROOT_CLASS = YES_ERROR;
				CLANG_WARN_RANGE_LOOP_ANALYSIS = YES;
				CLANG_WARN_STRICT_PROTOTYPES = YES;
				CLANG_WARN_SUSPICIOUS_MOVE = YES;
				CLANG_WARN_UNGUARDED_AVAILABILITY = YES_AGGRESSIVE;
				CLANG_WARN_UNREACHABLE_CODE = YES;
				CLANG_WARN__DUPLICATE_METHOD_MATCH = YES;
				COPY_PHASE_STRIP = NO;
				DEBUG_INFORMATION_FORMAT = dwarf;
				ENABLE_STRICT_OBJC_MSGSEND = YES;
				ENABLE_TESTABILITY = YES;
				GCC_C_LANGUAGE_STANDARD = gnu11;
				GCC_DYNAMIC_NO_PIC = NO;
				GCC_NO_COMMON_BLOCKS = YES;
				GCC_OPTIMIZATION_LEVEL = 0;
				GCC_PREPROCESSOR_DEFINITIONS = (
					"DEBUG=1",
					"$(inherited)",
				);
				GCC_WARN_64_TO_32_BIT_CONVERSION = YES;
				GCC_WARN_ABOUT_RETURN_TYPE = YES_ERROR;
				GCC_WARN_UNDECLARED_SELECTOR = YES;
				GCC_WARN_UNINITIALIZED_AUTOS = YES_AGGRESSIVE;
				GCC_WARN_UNUSED_FUNCTION = YES;
				GCC_WARN_UNUSED_VARIABLE = YES;
				IPHONEOS_DEPLOYMENT_TARGET = 13.2;
				MTL_ENABLE_DEBUG_INFO = INCLUDE_SOURCE;
				MTL_FAST_MATH = YES;
				ONLY_ACTIVE_ARCH = YES;
				SDKROOT = iphoneos;
				SWIFT_ACTIVE_COMPILATION_CONDITIONS = DEBUG;
				SWIFT_OPTIMIZATION_LEVEL = "-Onone";
			};
			name = Debug;
		};
		F5BBACD42404118F00CBD320 /* Release */ = {
			isa = XCBuildConfiguration;
			buildSettings = {
				ALWAYS_SEARCH_USER_PATHS = NO;
				CLANG_ANALYZER_NONNULL = YES;
				CLANG_ANALYZER_NUMBER_OBJECT_CONVERSION = YES_AGGRESSIVE;
				CLANG_CXX_LANGUAGE_STANDARD = "gnu++14";
				CLANG_CXX_LIBRARY = "libc++";
				CLANG_ENABLE_MODULES = YES;
				CLANG_ENABLE_OBJC_ARC = YES;
				CLANG_ENABLE_OBJC_WEAK = YES;
				CLANG_WARN_BLOCK_CAPTURE_AUTORELEASING = YES;
				CLANG_WARN_BOOL_CONVERSION = YES;
				CLANG_WARN_COMMA = YES;
				CLANG_WARN_CONSTANT_CONVERSION = YES;
				CLANG_WARN_DEPRECATED_OBJC_IMPLEMENTATIONS = YES;
				CLANG_WARN_DIRECT_OBJC_ISA_USAGE = YES_ERROR;
				CLANG_WARN_DOCUMENTATION_COMMENTS = YES;
				CLANG_WARN_EMPTY_BODY = YES;
				CLANG_WARN_ENUM_CONVERSION = YES;
				CLANG_WARN_INFINITE_RECURSION = YES;
				CLANG_WARN_INT_CONVERSION = YES;
				CLANG_WARN_NON_LITERAL_NULL_CONVERSION = YES;
				CLANG_WARN_OBJC_IMPLICIT_RETAIN_SELF = YES;
				CLANG_WARN_OBJC_LITERAL_CONVERSION = YES;
				CLANG_WARN_OBJC_ROOT_CLASS = YES_ERROR;
				CLANG_WARN_RANGE_LOOP_ANALYSIS = YES;
				CLANG_WARN_STRICT_PROTOTYPES = YES;
				CLANG_WARN_SUSPICIOUS_MOVE = YES;
				CLANG_WARN_UNGUARDED_AVAILABILITY = YES_AGGRESSIVE;
				CLANG_WARN_UNREACHABLE_CODE = YES;
				CLANG_WARN__DUPLICATE_METHOD_MATCH = YES;
				COPY_PHASE_STRIP = NO;
				DEBUG_INFORMATION_FORMAT = "dwarf-with-dsym";
				ENABLE_NS_ASSERTIONS = NO;
				ENABLE_STRICT_OBJC_MSGSEND = YES;
				GCC_C_LANGUAGE_STANDARD = gnu11;
				GCC_NO_COMMON_BLOCKS = YES;
				GCC_WARN_64_TO_32_BIT_CONVERSION = YES;
				GCC_WARN_ABOUT_RETURN_TYPE = YES_ERROR;
				GCC_WARN_UNDECLARED_SELECTOR = YES;
				GCC_WARN_UNINITIALIZED_AUTOS = YES_AGGRESSIVE;
				GCC_WARN_UNUSED_FUNCTION = YES;
				GCC_WARN_UNUSED_VARIABLE = YES;
				IPHONEOS_DEPLOYMENT_TARGET = 13.2;
				MTL_ENABLE_DEBUG_INFO = NO;
				MTL_FAST_MATH = YES;
				SDKROOT = iphoneos;
				SWIFT_COMPILATION_MODE = wholemodule;
				SWIFT_OPTIMIZATION_LEVEL = "-O";
				VALIDATE_PRODUCT = YES;
			};
			name = Release;
		};
		F5BBACD62404118F00CBD320 /* Debug */ = {
			isa = XCBuildConfiguration;
			buildSettings = {
				ASSETCATALOG_COMPILER_APPICON_NAME = AppIcon;
				CODE_SIGN_STYLE = Automatic;
				INFOPLIST_FILE = Greetings/Info.plist;
				LD_RUNPATH_SEARCH_PATHS = (
					"$(inherited)",
					"@executable_path/Frameworks",
				);
				PRODUCT_BUNDLE_IDENTIFIER = tash.Greetings;
				PRODUCT_NAME = "$(TARGET_NAME)";
				SWIFT_VERSION = 5.0;
				TARGETED_DEVICE_FAMILY = "1,2";
			};
			name = Debug;
		};
		F5BBACD72404118F00CBD320 /* Release */ = {
			isa = XCBuildConfiguration;
			buildSettings = {
				ASSETCATALOG_COMPILER_APPICON_NAME = AppIcon;
				CODE_SIGN_STYLE = Automatic;
				INFOPLIST_FILE = Greetings/Info.plist;
				LD_RUNPATH_SEARCH_PATHS = (
					"$(inherited)",
					"@executable_path/Frameworks",
				);
				PRODUCT_BUNDLE_IDENTIFIER = tash.Greetings;
				PRODUCT_NAME = "$(TARGET_NAME)";
				SWIFT_VERSION = 5.0;
				TARGETED_DEVICE_FAMILY = "1,2";
			};
			name = Release;
		};
/* End XCBuildConfiguration section */

/* Begin XCConfigurationList section */
		F5BBACBC2404118D00CBD320 /* Build configuration list for PBXProject "Greetings" */ = {
			isa = XCConfigurationList;
			buildConfigurations = (
				F5BBACD32404118F00CBD320 /* Debug */,
				F5BBACD42404118F00CBD320 /* Release */,
			);
			defaultConfigurationIsVisible = 0;
			defaultConfigurationName = Release;
		};
		F5BBACD52404118F00CBD320 /* Build configuration list for PBXNativeTarget "Greetings" */ = {
			isa = XCConfigurationList;
			buildConfigurations = (
				F5BBACD62404118F00CBD320 /* Debug */,
				F5BBACD72404118F00CBD320 /* Release */,
			);
			defaultConfigurationIsVisible = 0;
			defaultConfigurationName = Release;
		};
/* End XCConfigurationList section */
	};
	rootObject = F5BBACB92404118D00CBD320 /* Project object */;
}
