// !$*UTF8*$!
{
	archiveVersion = 1;
	classes = {
	};
	objectVersion = 50;
	objects = {

/* Begin PBXBuildFile section */
		F5BBAD32240D4FC900CBD320 /* AppDelegate.swift in Sources */ = {isa = PBXBuildFile; fileRef = F5BBAD31240D4FC900CBD320 /* AppDelegate.swift */; };
		F5BBAD34240D4FC900CBD320 /* SceneDelegate.swift in Sources */ = {isa = PBXBuildFile; fileRef = F5BBAD33240D4FC900CBD320 /* SceneDelegate.swift */; };
		F5BBAD36240D4FC900CBD320 /* ViewController.swift in Sources */ = {isa = PBXBuildFile; fileRef = F5BBAD35240D4FC900CBD320 /* ViewController.swift */; };
		F5BBAD39240D4FC900CBD320 /* Main.storyboard in Resources */ = {isa = PBXBuildFile; fileRef = F5BBAD37240D4FC900CBD320 /* Main.storyboard */; };
		F5BBAD3B240D4FCC00CBD320 /* Assets.xcassets in Resources */ = {isa = PBXBuildFile; fileRef = F5BBAD3A240D4FCC00CBD320 /* Assets.xcassets */; };
		F5BBAD3E240D4FCC00CBD320 /* LaunchScreen.storyboard in Resources */ = {isa = PBXBuildFile; fileRef = F5BBAD3C240D4FCC00CBD320 /* LaunchScreen.storyboard */; };
		F5BBAD46240D52B300CBD320 /* EditViewController.swift in Sources */ = {isa = PBXBuildFile; fileRef = F5BBAD45240D52B300CBD320 /* EditViewController.swift */; };
		F5BBAD48240D52BC00CBD320 /* HelloViewController.swift in Sources */ = {isa = PBXBuildFile; fileRef = F5BBAD47240D52BC00CBD320 /* HelloViewController.swift */; };
		F5BBAD4A240D52F200CBD320 /* LoginEditDelegate.swift in Sources */ = {isa = PBXBuildFile; fileRef = F5BBAD49240D52F200CBD320 /* LoginEditDelegate.swift */; };
		F5BBAD4C240D538F00CBD320 /* ScrollViewController.swift in Sources */ = {isa = PBXBuildFile; fileRef = F5BBAD4B240D538F00CBD320 /* ScrollViewController.swift */; };
/* End PBXBuildFile section */

/* Begin PBXFileReference section */
		F5BBAD2E240D4FC900CBD320 /* GreetingsWithScrollView.app */ = {isa = PBXFileReference; explicitFileType = wrapper.application; includeInIndex = 0; path = GreetingsWithScrollView.app; sourceTree = BUILT_PRODUCTS_DIR; };
		F5BBAD31240D4FC900CBD320 /* AppDelegate.swift */ = {isa = PBXFileReference; lastKnownFileType = sourcecode.swift; path = AppDelegate.swift; sourceTree = "<group>"; };
		F5BBAD33240D4FC900CBD320 /* SceneDelegate.swift */ = {isa = PBXFileReference; lastKnownFileType = sourcecode.swift; path = SceneDelegate.swift; sourceTree = "<group>"; };
		F5BBAD35240D4FC900CBD320 /* ViewController.swift */ = {isa = PBXFileReference; lastKnownFileType = sourcecode.swift; path = ViewController.swift; sourceTree = "<group>"; };
		F5BBAD38240D4FC900CBD320 /* Base */ = {isa = PBXFileReference; lastKnownFileType = file.storyboard; name = Base; path = Base.lproj/Main.storyboard; sourceTree = "<group>"; };
		F5BBAD3A240D4FCC00CBD320 /* Assets.xcassets */ = {isa = PBXFileReference; lastKnownFileType = folder.assetcatalog; path = Assets.xcassets; sourceTree = "<group>"; };
		F5BBAD3D240D4FCC00CBD320 /* Base */ = {isa = PBXFileReference; lastKnownFileType = file.storyboard; name = Base; path = Base.lproj/LaunchScreen.storyboard; sourceTree = "<group>"; };
		F5BBAD3F240D4FCC00CBD320 /* Info.plist */ = {isa = PBXFileReference; lastKnownFileType = text.plist.xml; path = Info.plist; sourceTree = "<group>"; };
		F5BBAD45240D52B300CBD320 /* EditViewController.swift */ = {isa = PBXFileReference; fileEncoding = 4; lastKnownFileType = sourcecode.swift; path = EditViewController.swift; sourceTree = "<group>"; };
		F5BBAD47240D52BC00CBD320 /* HelloViewController.swift */ = {isa = PBXFileReference; fileEncoding = 4; lastKnownFileType = sourcecode.swift; path = HelloViewController.swift; sourceTree = "<group>"; };
		F5BBAD49240D52F200CBD320 /* LoginEditDelegate.swift */ = {isa = PBXFileReference; lastKnownFileType = sourcecode.swift; path = LoginEditDelegate.swift; sourceTree = "<group>"; };
		F5BBAD4B240D538F00CBD320 /* ScrollViewController.swift */ = {isa = PBXFileReference; lastKnownFileType = sourcecode.swift; path = ScrollViewController.swift; sourceTree = "<group>"; };
/* End PBXFileReference section */

/* Begin PBXFrameworksBuildPhase section */
		F5BBAD2B240D4FC900CBD320 /* Frameworks */ = {
			isa = PBXFrameworksBuildPhase;
			buildActionMask = 2147483647;
			files = (
			);
			runOnlyForDeploymentPostprocessing = 0;
		};
/* End PBXFrameworksBuildPhase section */

/* Begin PBXGroup section */
		F5BBAD25240D4FC900CBD320 = {
			isa = PBXGroup;
			children = (
				F5BBAD30240D4FC900CBD320 /* GreetingsWithScrollView */,
				F5BBAD2F240D4FC900CBD320 /* Products */,
			);
			sourceTree = "<group>";
		};
		F5BBAD2F240D4FC900CBD320 /* Products */ = {
			isa = PBXGroup;
			children = (
				F5BBAD2E240D4FC900CBD320 /* GreetingsWithScrollView.app */,
			);
			name = Products;
			sourceTree = "<group>";
		};
		F5BBAD30240D4FC900CBD320 /* GreetingsWithScrollView */ = {
			isa = PBXGroup;
			children = (
				F5BBAD47240D52BC00CBD320 /* HelloViewController.swift */,
				F5BBAD45240D52B300CBD320 /* EditViewController.swift */,
				F5BBAD31240D4FC900CBD320 /* AppDelegate.swift */,
				F5BBAD33240D4FC900CBD320 /* SceneDelegate.swift */,
				F5BBAD35240D4FC900CBD320 /* ViewController.swift */,
				F5BBAD37240D4FC900CBD320 /* Main.storyboard */,
				F5BBAD3A240D4FCC00CBD320 /* Assets.xcassets */,
				F5BBAD3C240D4FCC00CBD320 /* LaunchScreen.storyboard */,
				F5BBAD3F240D4FCC00CBD320 /* Info.plist */,
				F5BBAD49240D52F200CBD320 /* LoginEditDelegate.swift */,
				F5BBAD4B240D538F00CBD320 /* ScrollViewController.swift */,
			);
			path = GreetingsWithScrollView;
			sourceTree = "<group>";
		};
/* End PBXGroup section */

/* Begin PBXNativeTarget section */
		F5BBAD2D240D4FC900CBD320 /* GreetingsWithScrollView */ = {
			isa = PBXNativeTarget;
			buildConfigurationList = F5BBAD42240D4FCC00CBD320 /* Build configuration list for PBXNativeTarget "GreetingsWithScrollView" */;
			buildPhases = (
				F5BBAD2A240D4FC900CBD320 /* Sources */,
				F5BBAD2B240D4FC900CBD320 /* Frameworks */,
				F5BBAD2C240D4FC900CBD320 /* Resources */,
			);
			buildRules = (
			);
			dependencies = (
			);
			name = GreetingsWithScrollView;
			productName = GreetingsWithScrollView;
			productReference = F5BBAD2E240D4FC900CBD320 /* GreetingsWithScrollView.app */;
			productType = "com.apple.product-type.application";
		};
/* End PBXNativeTarget section */

/* Begin PBXProject section */
		F5BBAD26240D4FC900CBD320 /* Project object */ = {
			isa = PBXProject;
			attributes = {
				LastSwiftUpdateCheck = 1130;
				LastUpgradeCheck = 1130;
				ORGANIZATIONNAME = ios_school;
				TargetAttributes = {
					F5BBAD2D240D4FC900CBD320 = {
						CreatedOnToolsVersion = 11.3.1;
					};
				};
			};
			buildConfigurationList = F5BBAD29240D4FC900CBD320 /* Build configuration list for PBXProject "GreetingsWithScrollView" */;
			compatibilityVersion = "Xcode 9.3";
			developmentRegion = en;
			hasScannedForEncodings = 0;
			knownRegions = (
				en,
				Base,
			);
			mainGroup = F5BBAD25240D4FC900CBD320;
			productRefGroup = F5BBAD2F240D4FC900CBD320 /* Products */;
			projectDirPath = "";
			projectRoot = "";
			targets = (
				F5BBAD2D240D4FC900CBD320 /* GreetingsWithScrollView */,
			);
		};
/* End PBXProject section */

/* Begin PBXResourcesBuildPhase section */
		F5BBAD2C240D4FC900CBD320 /* Resources */ = {
			isa = PBXResourcesBuildPhase;
			buildActionMask = 2147483647;
			files = (
				F5BBAD3E240D4FCC00CBD320 /* LaunchScreen.storyboard in Resources */,
				F5BBAD3B240D4FCC00CBD320 /* Assets.xcassets in Resources */,
				F5BBAD39240D4FC900CBD320 /* Main.storyboard in Resources */,
			);
			runOnlyForDeploymentPostprocessing = 0;
		};
/* End PBXResourcesBuildPhase section */

/* Begin PBXSourcesBuildPhase section */
		F5BBAD2A240D4FC900CBD320 /* Sources */ = {
			isa = PBXSourcesBuildPhase;
			buildActionMask = 2147483647;
			files = (
				F5BBAD46240D52B300CBD320 /* EditViewController.swift in Sources */,
				F5BBAD48240D52BC00CBD320 /* HelloViewController.swift in Sources */,
				F5BBAD36240D4FC900CBD320 /* ViewController.swift in Sources */,
				F5BBAD4C240D538F00CBD320 /* ScrollViewController.swift in Sources */,
				F5BBAD32240D4FC900CBD320 /* AppDelegate.swift in Sources */,
				F5BBAD4A240D52F200CBD320 /* LoginEditDelegate.swift in Sources */,
				F5BBAD34240D4FC900CBD320 /* SceneDelegate.swift in Sources */,
			);
			runOnlyForDeploymentPostprocessing = 0;
		};
/* End PBXSourcesBuildPhase section */

/* Begin PBXVariantGroup section */
		F5BBAD37240D4FC900CBD320 /* Main.storyboard */ = {
			isa = PBXVariantGroup;
			children = (
				F5BBAD38240D4FC900CBD320 /* Base */,
			);
			name = Main.storyboard;
			sourceTree = "<group>";
		};
		F5BBAD3C240D4FCC00CBD320 /* LaunchScreen.storyboard */ = {
			isa = PBXVariantGroup;
			children = (
				F5BBAD3D240D4FCC00CBD320 /* Base */,
			);
			name = LaunchScreen.storyboard;
			sourceTree = "<group>";
		};
/* End PBXVariantGroup section */

/* Begin XCBuildConfiguration section */
		F5BBAD40240D4FCC00CBD320 /* Debug */ = {
			isa = XCBuildConfiguration;
			buildSettings = {
				ALWAYS_SEARCH_USER_PATHS = NO;
				CLANG_ANALYZER_NONNULL = YES;
				CLANG_ANALYZER_NUMBER_OBJECT_CONVERSION = YES_AGGRESSIVE;
				CLANG_CXX_LANGUAGE_STANDARD = "gnu++14";
				CLANG_CXX_LIBRARY = "libc++";
				CLANG_ENABLE_MODULES = YES;
				CLANG_ENABLE_OBJC_ARC = YES;
				CLANG_ENABLE_OBJC_WEAK = YES;
				CLANG_WARN_BLOCK_CAPTURE_AUTORELEASING = YES;
				CLANG_WARN_BOOL_CONVERSION = YES;
				CLANG_WARN_COMMA = YES;
				CLANG_WARN_CONSTANT_CONVERSION = YES;
				CLANG_WARN_DEPRECATED_OBJC_IMPLEMENTATIONS = YES;
				CLANG_WARN_DIRECT_OBJC_ISA_USAGE = YES_ERROR;
				CLANG_WARN_DOCUMENTATION_COMMENTS = YES;
				CLANG_WARN_EMPTY_BODY = YES;
				CLANG_WARN_ENUM_CONVERSION = YES;
				CLANG_WARN_INFINITE_RECURSION = YES;
				CLANG_WARN_INT_CONVERSION = YES;
				CLANG_WARN_NON_LITERAL_NULL_CONVERSION = YES;
				CLANG_WARN_OBJC_IMPLICIT_RETAIN_SELF = YES;
				CLANG_WARN_OBJC_LITERAL_CONVERSION = YES;
				CLANG_WARN_OBJC_ROOT_CLASS = YES_ERROR;
				CLANG_WARN_RANGE_LOOP_ANALYSIS = YES;
				CLANG_WARN_STRICT_PROTOTYPES = YES;
				CLANG_WARN_SUSPICIOUS_MOVE = YES;
				CLANG_WARN_UNGUARDED_AVAILABILITY = YES_AGGRESSIVE;
				CLANG_WARN_UNREACHABLE_CODE = YES;
				CLANG_WARN__DUPLICATE_METHOD_MATCH = YES;
				COPY_PHASE_STRIP = NO;
				DEBUG_INFORMATION_FORMAT = dwarf;
				ENABLE_STRICT_OBJC_MSGSEND = YES;
				ENABLE_TESTABILITY = YES;
				GCC_C_LANGUAGE_STANDARD = gnu11;
				GCC_DYNAMIC_NO_PIC = NO;
				GCC_NO_COMMON_BLOCKS = YES;
				GCC_OPTIMIZATION_LEVEL = 0;
				GCC_PREPROCESSOR_DEFINITIONS = (
					"DEBUG=1",
					"$(inherited)",
				);
				GCC_WARN_64_TO_32_BIT_CONVERSION = YES;
				GCC_WARN_ABOUT_RETURN_TYPE = YES_ERROR;
				GCC_WARN_UNDECLARED_SELECTOR = YES;
				GCC_WARN_UNINITIALIZED_AUTOS = YES_AGGRESSIVE;
				GCC_WARN_UNUSED_FUNCTION = YES;
				GCC_WARN_UNUSED_VARIABLE = YES;
				IPHONEOS_DEPLOYMENT_TARGET = 13.2;
				MTL_ENABLE_DEBUG_INFO = INCLUDE_SOURCE;
				MTL_FAST_MATH = YES;
				ONLY_ACTIVE_ARCH = YES;
				SDKROOT = iphoneos;
				SWIFT_ACTIVE_COMPILATION_CONDITIONS = DEBUG;
				SWIFT_OPTIMIZATION_LEVEL = "-Onone";
			};
			name = Debug;
		};
		F5BBAD41240D4FCC00CBD320 /* Release */ = {
			isa = XCBuildConfiguration;
			buildSettings = {
				ALWAYS_SEARCH_USER_PATHS = NO;
				CLANG_ANALYZER_NONNULL = YES;
				CLANG_ANALYZER_NUMBER_OBJECT_CONVERSION = YES_AGGRESSIVE;
				CLANG_CXX_LANGUAGE_STANDARD = "gnu++14";
				CLANG_CXX_LIBRARY = "libc++";
				CLANG_ENABLE_MODULES = YES;
				CLANG_ENABLE_OBJC_ARC = YES;
				CLANG_ENABLE_OBJC_WEAK = YES;
				CLANG_WARN_BLOCK_CAPTURE_AUTORELEASING = YES;
				CLANG_WARN_BOOL_CONVERSION = YES;
				CLANG_WARN_COMMA = YES;
				CLANG_WARN_CONSTANT_CONVERSION = YES;
				CLANG_WARN_DEPRECATED_OBJC_IMPLEMENTATIONS = YES;
				CLANG_WARN_DIRECT_OBJC_ISA_USAGE = YES_ERROR;
				CLANG_WARN_DOCUMENTATION_COMMENTS = YES;
				CLANG_WARN_EMPTY_BODY = YES;
				CLANG_WARN_ENUM_CONVERSION = YES;
				CLANG_WARN_INFINITE_RECURSION = YES;
				CLANG_WARN_INT_CONVERSION = YES;
				CLANG_WARN_NON_LITERAL_NULL_CONVERSION = YES;
				CLANG_WARN_OBJC_IMPLICIT_RETAIN_SELF = YES;
				CLANG_WARN_OBJC_LITERAL_CONVERSION = YES;
				CLANG_WARN_OBJC_ROOT_CLASS = YES_ERROR;
				CLANG_WARN_RANGE_LOOP_ANALYSIS = YES;
				CLANG_WARN_STRICT_PROTOTYPES = YES;
				CLANG_WARN_SUSPICIOUS_MOVE = YES;
				CLANG_WARN_UNGUARDED_AVAILABILITY = YES_AGGRESSIVE;
				CLANG_WARN_UNREACHABLE_CODE = YES;
				CLANG_WARN__DUPLICATE_METHOD_MATCH = YES;
				COPY_PHASE_STRIP = NO;
				DEBUG_INFORMATION_FORMAT = "dwarf-with-dsym";
				ENABLE_NS_ASSERTIONS = NO;
				ENABLE_STRICT_OBJC_MSGSEND = YES;
				GCC_C_LANGUAGE_STANDARD = gnu11;
				GCC_NO_COMMON_BLOCKS = YES;
				GCC_WARN_64_TO_32_BIT_CONVERSION = YES;
				GCC_WARN_ABOUT_RETURN_TYPE = YES_ERROR;
				GCC_WARN_UNDECLARED_SELECTOR = YES;
				GCC_WARN_UNINITIALIZED_AUTOS = YES_AGGRESSIVE;
				GCC_WARN_UNUSED_FUNCTION = YES;
				GCC_WARN_UNUSED_VARIABLE = YES;
				IPHONEOS_DEPLOYMENT_TARGET = 13.2;
				MTL_ENABLE_DEBUG_INFO = NO;
				MTL_FAST_MATH = YES;
				SDKROOT = iphoneos;
				SWIFT_COMPILATION_MODE = wholemodule;
				SWIFT_OPTIMIZATION_LEVEL = "-O";
				VALIDATE_PRODUCT = YES;
			};
			name = Release;
		};
		F5BBAD43240D4FCC00CBD320 /* Debug */ = {
			isa = XCBuildConfiguration;
			buildSettings = {
				ASSETCATALOG_COMPILER_APPICON_NAME = AppIcon;
				CODE_SIGN_STYLE = Automatic;
				INFOPLIST_FILE = GreetingsWithScrollView/Info.plist;
				LD_RUNPATH_SEARCH_PATHS = (
					"$(inherited)",
					"@executable_path/Frameworks",
				);
				PRODUCT_BUNDLE_IDENTIFIER = tash.GreetingsWithScrollView;
				PRODUCT_NAME = "$(TARGET_NAME)";
				SWIFT_VERSION = 5.0;
				TARGETED_DEVICE_FAMILY = "1,2";
			};
			name = Debug;
		};
		F5BBAD44240D4FCC00CBD320 /* Release */ = {
			isa = XCBuildConfiguration;
			buildSettings = {
				ASSETCATALOG_COMPILER_APPICON_NAME = AppIcon;
				CODE_SIGN_STYLE = Automatic;
				INFOPLIST_FILE = GreetingsWithScrollView/Info.plist;
				LD_RUNPATH_SEARCH_PATHS = (
					"$(inherited)",
					"@executable_path/Frameworks",
				);
				PRODUCT_BUNDLE_IDENTIFIER = tash.GreetingsWithScrollView;
				PRODUCT_NAME = "$(TARGET_NAME)";
				SWIFT_VERSION = 5.0;
				TARGETED_DEVICE_FAMILY = "1,2";
			};
			name = Release;
		};
/* End XCBuildConfiguration section */

/* Begin XCConfigurationList section */
		F5BBAD29240D4FC900CBD320 /* Build configuration list for PBXProject "GreetingsWithScrollView" */ = {
			isa = XCConfigurationList;
			buildConfigurations = (
				F5BBAD40240D4FCC00CBD320 /* Debug */,
				F5BBAD41240D4FCC00CBD320 /* Release */,
			);
			defaultConfigurationIsVisible = 0;
			defaultConfigurationName = Release;
		};
		F5BBAD42240D4FCC00CBD320 /* Build configuration list for PBXNativeTarget "GreetingsWithScrollView" */ = {
			isa = XCConfigurationList;
			buildConfigurations = (
				F5BBAD43240D4FCC00CBD320 /* Debug */,
				F5BBAD44240D4FCC00CBD320 /* Release */,
			);
			defaultConfigurationIsVisible = 0;
			defaultConfigurationName = Release;
		};
/* End XCConfigurationList section */
	};
	rootObject = F5BBAD26240D4FC900CBD320 /* Project object */;
}
